// !$*UTF8*$!
{
	archiveVersion = 1;
	classes = {
	};
	objectVersion = 56;
	objects = {

/* Begin PBXBuildFile section */
		6C53DD66AC2D8B321DB2D2DF /* Pods_UniHelper.framework in Frameworks */ = {isa = PBXBuildFile; fileRef = 4FA4A1785C9690A4E837A339 /* Pods_UniHelper.framework */; };
		712188992938A52D008004A6 /* ExtensionUIView.swift in Sources */ = {isa = PBXBuildFile; fileRef = 712188982938A52D008004A6 /* ExtensionUIView.swift */; };
		7121889B2938AAF1008004A6 /* UniversitiesViewController.swift in Sources */ = {isa = PBXBuildFile; fileRef = 7121889A2938AAF1008004A6 /* UniversitiesViewController.swift */; };
		7121889D2938AB05008004A6 /* ServicesViewController.swift in Sources */ = {isa = PBXBuildFile; fileRef = 7121889C2938AB05008004A6 /* ServicesViewController.swift */; };
		7121889F2938AB0E008004A6 /* ProfileViewController.swift in Sources */ = {isa = PBXBuildFile; fileRef = 7121889E2938AB0E008004A6 /* ProfileViewController.swift */; };
		712188A12938AC29008004A6 /* DashboardTabBarController.swift in Sources */ = {isa = PBXBuildFile; fileRef = 712188A02938AC29008004A6 /* DashboardTabBarController.swift */; };
		7138E0102937E11C00655F74 /* AppDelegate.swift in Sources */ = {isa = PBXBuildFile; fileRef = 7138E00F2937E11C00655F74 /* AppDelegate.swift */; };
		7138E0122937E11C00655F74 /* SceneDelegate.swift in Sources */ = {isa = PBXBuildFile; fileRef = 7138E0112937E11C00655F74 /* SceneDelegate.swift */; };
		7138E0142937E11C00655F74 /* WelcomeViewController.swift in Sources */ = {isa = PBXBuildFile; fileRef = 7138E0132937E11C00655F74 /* WelcomeViewController.swift */; };
		7138E0192937E11D00655F74 /* Assets.xcassets in Resources */ = {isa = PBXBuildFile; fileRef = 7138E0182937E11D00655F74 /* Assets.xcassets */; };
		7138E01C2937E11D00655F74 /* LaunchScreen.storyboard in Resources */ = {isa = PBXBuildFile; fileRef = 7138E01A2937E11D00655F74 /* LaunchScreen.storyboard */; };
		717FFA3B2937EFC7004B32D9 /* LogInViewController.swift in Sources */ = {isa = PBXBuildFile; fileRef = 717FFA3A2937EFC7004B32D9 /* LogInViewController.swift */; };
		717FFA3D2937F00D004B32D9 /* RegisterViewController.swift in Sources */ = {isa = PBXBuildFile; fileRef = 717FFA3C2937F00D004B32D9 /* RegisterViewController.swift */; };
/* End PBXBuildFile section */

/* Begin PBXFileReference section */
		441A811375D2D2683DB913E6 /* Pods-UniHelper.debug.xcconfig */ = {isa = PBXFileReference; includeInIndex = 1; lastKnownFileType = text.xcconfig; name = "Pods-UniHelper.debug.xcconfig"; path = "Target Support Files/Pods-UniHelper/Pods-UniHelper.debug.xcconfig"; sourceTree = "<group>"; };
		4FA4A1785C9690A4E837A339 /* Pods_UniHelper.framework */ = {isa = PBXFileReference; explicitFileType = wrapper.framework; includeInIndex = 0; path = Pods_UniHelper.framework; sourceTree = BUILT_PRODUCTS_DIR; };
		712188982938A52D008004A6 /* ExtensionUIView.swift */ = {isa = PBXFileReference; lastKnownFileType = sourcecode.swift; path = ExtensionUIView.swift; sourceTree = "<group>"; };
		7121889A2938AAF1008004A6 /* UniversitiesViewController.swift */ = {isa = PBXFileReference; lastKnownFileType = sourcecode.swift; path = UniversitiesViewController.swift; sourceTree = "<group>"; };
		7121889C2938AB05008004A6 /* ServicesViewController.swift */ = {isa = PBXFileReference; lastKnownFileType = sourcecode.swift; path = ServicesViewController.swift; sourceTree = "<group>"; };
		7121889E2938AB0E008004A6 /* ProfileViewController.swift */ = {isa = PBXFileReference; lastKnownFileType = sourcecode.swift; path = ProfileViewController.swift; sourceTree = "<group>"; };
		712188A02938AC29008004A6 /* DashboardTabBarController.swift */ = {isa = PBXFileReference; lastKnownFileType = sourcecode.swift; path = DashboardTabBarController.swift; sourceTree = "<group>"; };
		7138E00C2937E11C00655F74 /* UniHelper.app */ = {isa = PBXFileReference; explicitFileType = wrapper.application; includeInIndex = 0; path = UniHelper.app; sourceTree = BUILT_PRODUCTS_DIR; };
		7138E00F2937E11C00655F74 /* AppDelegate.swift */ = {isa = PBXFileReference; lastKnownFileType = sourcecode.swift; path = AppDelegate.swift; sourceTree = "<group>"; };
		7138E0112937E11C00655F74 /* SceneDelegate.swift */ = {isa = PBXFileReference; lastKnownFileType = sourcecode.swift; path = SceneDelegate.swift; sourceTree = "<group>"; };
		7138E0132937E11C00655F74 /* WelcomeViewController.swift */ = {isa = PBXFileReference; lastKnownFileType = sourcecode.swift; path = WelcomeViewController.swift; sourceTree = "<group>"; };
		7138E0182937E11D00655F74 /* Assets.xcassets */ = {isa = PBXFileReference; lastKnownFileType = folder.assetcatalog; path = Assets.xcassets; sourceTree = "<group>"; };
		7138E01B2937E11D00655F74 /* Base */ = {isa = PBXFileReference; lastKnownFileType = file.storyboard; name = Base; path = Base.lproj/LaunchScreen.storyboard; sourceTree = "<group>"; };
		7138E01D2937E11D00655F74 /* Info.plist */ = {isa = PBXFileReference; lastKnownFileType = text.plist.xml; path = Info.plist; sourceTree = "<group>"; };
		717FFA3A2937EFC7004B32D9 /* LogInViewController.swift */ = {isa = PBXFileReference; lastKnownFileType = sourcecode.swift; path = LogInViewController.swift; sourceTree = "<group>"; };
		717FFA3C2937F00D004B32D9 /* RegisterViewController.swift */ = {isa = PBXFileReference; lastKnownFileType = sourcecode.swift; path = RegisterViewController.swift; sourceTree = "<group>"; };
		A453F222A16CAADBDC652B3A /* Pods-UniHelper.release.xcconfig */ = {isa = PBXFileReference; includeInIndex = 1; lastKnownFileType = text.xcconfig; name = "Pods-UniHelper.release.xcconfig"; path = "Target Support Files/Pods-UniHelper/Pods-UniHelper.release.xcconfig"; sourceTree = "<group>"; };
/* End PBXFileReference section */

/* Begin PBXFrameworksBuildPhase section */
		7138E0092937E11C00655F74 /* Frameworks */ = {
			isa = PBXFrameworksBuildPhase;
			buildActionMask = 2147483647;
			files = (
				6C53DD66AC2D8B321DB2D2DF /* Pods_UniHelper.framework in Frameworks */,
			);
			runOnlyForDeploymentPostprocessing = 0;
		};
/* End PBXFrameworksBuildPhase section */

/* Begin PBXGroup section */
		13FE435BFF10DA6ED892350A /* Frameworks */ = {
			isa = PBXGroup;
			children = (
				4FA4A1785C9690A4E837A339 /* Pods_UniHelper.framework */,
			);
			name = Frameworks;
			sourceTree = "<group>";
		};
		7138E0032937E11C00655F74 = {
			isa = PBXGroup;
			children = (
				712188982938A52D008004A6 /* ExtensionUIView.swift */,
				7138E00E2937E11C00655F74 /* UniHelper */,
				7138E00D2937E11C00655F74 /* Products */,
				BBB70A16F41260EC409DA6B3 /* Pods */,
				13FE435BFF10DA6ED892350A /* Frameworks */,
			);
			sourceTree = "<group>";
		};
		7138E00D2937E11C00655F74 /* Products */ = {
			isa = PBXGroup;
			children = (
				7138E00C2937E11C00655F74 /* UniHelper.app */,
			);
			name = Products;
			sourceTree = "<group>";
		};
		7138E00E2937E11C00655F74 /* UniHelper */ = {
			isa = PBXGroup;
			children = (
				7138E00F2937E11C00655F74 /* AppDelegate.swift */,
				7138E0112937E11C00655F74 /* SceneDelegate.swift */,
				717FFA392937EFAD004B32D9 /* Controller */,
				7138E0182937E11D00655F74 /* Assets.xcassets */,
				7138E01A2937E11D00655F74 /* LaunchScreen.storyboard */,
				7138E01D2937E11D00655F74 /* Info.plist */,
			);
			path = UniHelper;
			sourceTree = "<group>";
		};
		717FFA392937EFAD004B32D9 /* Controller */ = {
			isa = PBXGroup;
			children = (
				7138E0132937E11C00655F74 /* WelcomeViewController.swift */,
				717FFA3A2937EFC7004B32D9 /* LogInViewController.swift */,
				717FFA3C2937F00D004B32D9 /* RegisterViewController.swift */,
				7121889A2938AAF1008004A6 /* UniversitiesViewController.swift */,
				7121889C2938AB05008004A6 /* ServicesViewController.swift */,
				7121889E2938AB0E008004A6 /* ProfileViewController.swift */,
				712188A02938AC29008004A6 /* DashboardTabBarController.swift */,
			);
			path = Controller;
			sourceTree = "<group>";
		};
		BBB70A16F41260EC409DA6B3 /* Pods */ = {
			isa = PBXGroup;
			children = (
				441A811375D2D2683DB913E6 /* Pods-UniHelper.debug.xcconfig */,
				A453F222A16CAADBDC652B3A /* Pods-UniHelper.release.xcconfig */,
			);
			path = Pods;
			sourceTree = "<group>";
		};
/* End PBXGroup section */

/* Begin PBXNativeTarget section */
		7138E00B2937E11C00655F74 /* UniHelper */ = {
			isa = PBXNativeTarget;
			buildConfigurationList = 7138E0202937E11D00655F74 /* Build configuration list for PBXNativeTarget "UniHelper" */;
			buildPhases = (
				74843478C7B4351CF874D732 /* [CP] Check Pods Manifest.lock */,
				7138E0082937E11C00655F74 /* Sources */,
				7138E0092937E11C00655F74 /* Frameworks */,
				7138E00A2937E11C00655F74 /* Resources */,
				7D2E551CF09211AE1796F4AE /* [CP] Embed Pods Frameworks */,
			);
			buildRules = (
			);
			dependencies = (
			);
			name = UniHelper;
			productName = UniHelper;
			productReference = 7138E00C2937E11C00655F74 /* UniHelper.app */;
			productType = "com.apple.product-type.application";
		};
/* End PBXNativeTarget section */

/* Begin PBXProject section */
		7138E0042937E11C00655F74 /* Project object */ = {
			isa = PBXProject;
			attributes = {
				BuildIndependentTargetsInParallel = 1;
				LastSwiftUpdateCheck = 1400;
				LastUpgradeCheck = 1400;
				TargetAttributes = {
					7138E00B2937E11C00655F74 = {
						CreatedOnToolsVersion = 14.0.1;
					};
				};
			};
			buildConfigurationList = 7138E0072937E11C00655F74 /* Build configuration list for PBXProject "UniHelper" */;
			compatibilityVersion = "Xcode 14.0";
			developmentRegion = en;
			hasScannedForEncodings = 0;
			knownRegions = (
				en,
				Base,
			);
			mainGroup = 7138E0032937E11C00655F74;
			productRefGroup = 7138E00D2937E11C00655F74 /* Products */;
			projectDirPath = "";
			projectRoot = "";
			targets = (
				7138E00B2937E11C00655F74 /* UniHelper */,
			);
		};
/* End PBXProject section */

/* Begin PBXResourcesBuildPhase section */
		7138E00A2937E11C00655F74 /* Resources */ = {
			isa = PBXResourcesBuildPhase;
			buildActionMask = 2147483647;
			files = (
				7138E01C2937E11D00655F74 /* LaunchScreen.storyboard in Resources */,
				7138E0192937E11D00655F74 /* Assets.xcassets in Resources */,
			);
			runOnlyForDeploymentPostprocessing = 0;
		};
/* End PBXResourcesBuildPhase section */

/* Begin PBXShellScriptBuildPhase section */
		74843478C7B4351CF874D732 /* [CP] Check Pods Manifest.lock */ = {
			isa = PBXShellScriptBuildPhase;
			buildActionMask = 2147483647;
			files = (
			);
			inputFileListPaths = (
			);
			inputPaths = (
				"${PODS_PODFILE_DIR_PATH}/Podfile.lock",
				"${PODS_ROOT}/Manifest.lock",
			);
			name = "[CP] Check Pods Manifest.lock";
			outputFileListPaths = (
			);
			outputPaths = (
				"$(DERIVED_FILE_DIR)/Pods-UniHelper-checkManifestLockResult.txt",
			);
			runOnlyForDeploymentPostprocessing = 0;
			shellPath = /bin/sh;
			shellScript = "diff \"${PODS_PODFILE_DIR_PATH}/Podfile.lock\" \"${PODS_ROOT}/Manifest.lock\" > /dev/null\nif [ $? != 0 ] ; then\n    # print error to STDERR\n    echo \"error: The sandbox is not in sync with the Podfile.lock. Run 'pod install' or update your CocoaPods installation.\" >&2\n    exit 1\nfi\n# This output is used by Xcode 'outputs' to avoid re-running this script phase.\necho \"SUCCESS\" > \"${SCRIPT_OUTPUT_FILE_0}\"\n";
			showEnvVarsInLog = 0;
		};
		7D2E551CF09211AE1796F4AE /* [CP] Embed Pods Frameworks */ = {
			isa = PBXShellScriptBuildPhase;
			buildActionMask = 2147483647;
			files = (
			);
			inputFileListPaths = (
				"${PODS_ROOT}/Target Support Files/Pods-UniHelper/Pods-UniHelper-frameworks-${CONFIGURATION}-input-files.xcfilelist",
			);
			name = "[CP] Embed Pods Frameworks";
			outputFileListPaths = (
				"${PODS_ROOT}/Target Support Files/Pods-UniHelper/Pods-UniHelper-frameworks-${CONFIGURATION}-output-files.xcfilelist",
			);
			runOnlyForDeploymentPostprocessing = 0;
			shellPath = /bin/sh;
			shellScript = "\"${PODS_ROOT}/Target Support Files/Pods-UniHelper/Pods-UniHelper-frameworks.sh\"\n";
			showEnvVarsInLog = 0;
		};
/* End PBXShellScriptBuildPhase section */

/* Begin PBXSourcesBuildPhase section */
		7138E0082937E11C00655F74 /* Sources */ = {
			isa = PBXSourcesBuildPhase;
			buildActionMask = 2147483647;
			files = (
				712188992938A52D008004A6 /* ExtensionUIView.swift in Sources */,
				717FFA3B2937EFC7004B32D9 /* LogInViewController.swift in Sources */,
				7121889D2938AB05008004A6 /* ServicesViewController.swift in Sources */,
				717FFA3D2937F00D004B32D9 /* RegisterViewController.swift in Sources */,
				7121889B2938AAF1008004A6 /* UniversitiesViewController.swift in Sources */,
				7138E0142937E11C00655F74 /* WelcomeViewController.swift in Sources */,
				712188A12938AC29008004A6 /* DashboardTabBarController.swift in Sources */,
				7121889F2938AB0E008004A6 /* ProfileViewController.swift in Sources */,
				7138E0102937E11C00655F74 /* AppDelegate.swift in Sources */,
				7138E0122937E11C00655F74 /* SceneDelegate.swift in Sources */,
			);
			runOnlyForDeploymentPostprocessing = 0;
		};
/* End PBXSourcesBuildPhase section */

/* Begin PBXVariantGroup section */
		7138E01A2937E11D00655F74 /* LaunchScreen.storyboard */ = {
			isa = PBXVariantGroup;
			children = (
				7138E01B2937E11D00655F74 /* Base */,
			);
			name = LaunchScreen.storyboard;
			sourceTree = "<group>";
		};
/* End PBXVariantGroup section */

/* Begin XCBuildConfiguration section */
		7138E01E2937E11D00655F74 /* Debug */ = {
			isa = XCBuildConfiguration;
			buildSettings = {
				ALWAYS_SEARCH_USER_PATHS = NO;
				CLANG_ANALYZER_NONNULL = YES;
				CLANG_ANALYZER_NUMBER_OBJECT_CONVERSION = YES_AGGRESSIVE;
				CLANG_CXX_LANGUAGE_STANDARD = "gnu++20";
				CLANG_ENABLE_MODULES = YES;
				CLANG_ENABLE_OBJC_ARC = YES;
				CLANG_ENABLE_OBJC_WEAK = YES;
				CLANG_WARN_BLOCK_CAPTURE_AUTORELEASING = YES;
				CLANG_WARN_BOOL_CONVERSION = YES;
				CLANG_WARN_COMMA = YES;
				CLANG_WARN_CONSTANT_CONVERSION = YES;
				CLANG_WARN_DEPRECATED_OBJC_IMPLEMENTATIONS = YES;
				CLANG_WARN_DIRECT_OBJC_ISA_USAGE = YES_ERROR;
				CLANG_WARN_DOCUMENTATION_COMMENTS = YES;
				CLANG_WARN_EMPTY_BODY = YES;
				CLANG_WARN_ENUM_CONVERSION = YES;
				CLANG_WARN_INFINITE_RECURSION = YES;
				CLANG_WARN_INT_CONVERSION = YES;
				CLANG_WARN_NON_LITERAL_NULL_CONVERSION = YES;
				CLANG_WARN_OBJC_IMPLICIT_RETAIN_SELF = YES;
				CLANG_WARN_OBJC_LITERAL_CONVERSION = YES;
				CLANG_WARN_OBJC_ROOT_CLASS = YES_ERROR;
				CLANG_WARN_QUOTED_INCLUDE_IN_FRAMEWORK_HEADER = YES;
				CLANG_WARN_RANGE_LOOP_ANALYSIS = YES;
				CLANG_WARN_STRICT_PROTOTYPES = YES;
				CLANG_WARN_SUSPICIOUS_MOVE = YES;
				CLANG_WARN_UNGUARDED_AVAILABILITY = YES_AGGRESSIVE;
				CLANG_WARN_UNREACHABLE_CODE = YES;
				CLANG_WARN__DUPLICATE_METHOD_MATCH = YES;
				COPY_PHASE_STRIP = NO;
				DEBUG_INFORMATION_FORMAT = dwarf;
				ENABLE_STRICT_OBJC_MSGSEND = YES;
				ENABLE_TESTABILITY = YES;
				GCC_C_LANGUAGE_STANDARD = gnu11;
				GCC_DYNAMIC_NO_PIC = NO;
				GCC_NO_COMMON_BLOCKS = YES;
				GCC_OPTIMIZATION_LEVEL = 0;
				GCC_PREPROCESSOR_DEFINITIONS = (
					"DEBUG=1",
					"$(inherited)",
				);
				GCC_WARN_64_TO_32_BIT_CONVERSION = YES;
				GCC_WARN_ABOUT_RETURN_TYPE = YES_ERROR;
				GCC_WARN_UNDECLARED_SELECTOR = YES;
				GCC_WARN_UNINITIALIZED_AUTOS = YES_AGGRESSIVE;
				GCC_WARN_UNUSED_FUNCTION = YES;
				GCC_WARN_UNUSED_VARIABLE = YES;
				IPHONEOS_DEPLOYMENT_TARGET = 16.0;
				MTL_ENABLE_DEBUG_INFO = INCLUDE_SOURCE;
				MTL_FAST_MATH = YES;
				ONLY_ACTIVE_ARCH = YES;
				SDKROOT = iphoneos;
				SWIFT_ACTIVE_COMPILATION_CONDITIONS = DEBUG;
				SWIFT_OPTIMIZATION_LEVEL = "-Onone";
			};
			name = Debug;
		};
		7138E01F2937E11D00655F74 /* Release */ = {
			isa = XCBuildConfiguration;
			buildSettings = {
				ALWAYS_SEARCH_USER_PATHS = NO;
				CLANG_ANALYZER_NONNULL = YES;
				CLANG_ANALYZER_NUMBER_OBJECT_CONVERSION = YES_AGGRESSIVE;
				CLANG_CXX_LANGUAGE_STANDARD = "gnu++20";
				CLANG_ENABLE_MODULES = YES;
				CLANG_ENABLE_OBJC_ARC = YES;
				CLANG_ENABLE_OBJC_WEAK = YES;
				CLANG_WARN_BLOCK_CAPTURE_AUTORELEASING = YES;
				CLANG_WARN_BOOL_CONVERSION = YES;
				CLANG_WARN_COMMA = YES;
				CLANG_WARN_CONSTANT_CONVERSION = YES;
				CLANG_WARN_DEPRECATED_OBJC_IMPLEMENTATIONS = YES;
				CLANG_WARN_DIRECT_OBJC_ISA_USAGE = YES_ERROR;
				CLANG_WARN_DOCUMENTATION_COMMENTS = YES;
				CLANG_WARN_EMPTY_BODY = YES;
				CLANG_WARN_ENUM_CONVERSION = YES;
				CLANG_WARN_INFINITE_RECURSION = YES;
				CLANG_WARN_INT_CONVERSION = YES;
				CLANG_WARN_NON_LITERAL_NULL_CONVERSION = YES;
				CLANG_WARN_OBJC_IMPLICIT_RETAIN_SELF = YES;
				CLANG_WARN_OBJC_LITERAL_CONVERSION = YES;
				CLANG_WARN_OBJC_ROOT_CLASS = YES_ERROR;
				CLANG_WARN_QUOTED_INCLUDE_IN_FRAMEWORK_HEADER = YES;
				CLANG_WARN_RANGE_LOOP_ANALYSIS = YES;
				CLANG_WARN_STRICT_PROTOTYPES = YES;
				CLANG_WARN_SUSPICIOUS_MOVE = YES;
				CLANG_WARN_UNGUARDED_AVAILABILITY = YES_AGGRESSIVE;
				CLANG_WARN_UNREACHABLE_CODE = YES;
				CLANG_WARN__DUPLICATE_METHOD_MATCH = YES;
				COPY_PHASE_STRIP = NO;
				DEBUG_INFORMATION_FORMAT = "dwarf-with-dsym";
				ENABLE_NS_ASSERTIONS = NO;
				ENABLE_STRICT_OBJC_MSGSEND = YES;
				GCC_C_LANGUAGE_STANDARD = gnu11;
				GCC_NO_COMMON_BLOCKS = YES;
				GCC_WARN_64_TO_32_BIT_CONVERSION = YES;
				GCC_WARN_ABOUT_RETURN_TYPE = YES_ERROR;
				GCC_WARN_UNDECLARED_SELECTOR = YES;
				GCC_WARN_UNINITIALIZED_AUTOS = YES_AGGRESSIVE;
				GCC_WARN_UNUSED_FUNCTION = YES;
				GCC_WARN_UNUSED_VARIABLE = YES;
				IPHONEOS_DEPLOYMENT_TARGET = 16.0;
				MTL_ENABLE_DEBUG_INFO = NO;
				MTL_FAST_MATH = YES;
				SDKROOT = iphoneos;
				SWIFT_COMPILATION_MODE = wholemodule;
				SWIFT_OPTIMIZATION_LEVEL = "-O";
				VALIDATE_PRODUCT = YES;
			};
			name = Release;
		};
		7138E0212937E11D00655F74 /* Debug */ = {
			isa = XCBuildConfiguration;
			baseConfigurationReference = 441A811375D2D2683DB913E6 /* Pods-UniHelper.debug.xcconfig */;
			buildSettings = {
				ASSETCATALOG_COMPILER_APPICON_NAME = AppIcon;
				ASSETCATALOG_COMPILER_GLOBAL_ACCENT_COLOR_NAME = AccentColor;
				CODE_SIGN_STYLE = Automatic;
				CURRENT_PROJECT_VERSION = 1;
				DEVELOPMENT_TEAM = 67H5XCS6ZN;
				GENERATE_INFOPLIST_FILE = YES;
				INFOPLIST_FILE = UniHelper/Info.plist;
				INFOPLIST_KEY_UIApplicationSupportsIndirectInputEvents = YES;
				INFOPLIST_KEY_UILaunchStoryboardName = LaunchScreen;
				INFOPLIST_KEY_UISupportedInterfaceOrientations = UIInterfaceOrientationPortrait;
				INFOPLIST_KEY_UISupportedInterfaceOrientations_iPad = "UIInterfaceOrientationLandscapeLeft UIInterfaceOrientationLandscapeRight UIInterfaceOrientationPortrait UIInterfaceOrientationPortraitUpsideDown";
				IPHONEOS_DEPLOYMENT_TARGET = 16.0;
				LD_RUNPATH_SEARCH_PATHS = (
					"$(inherited)",
					"@executable_path/Frameworks",
				);
				MARKETING_VERSION = 1.0;
				PRODUCT_BUNDLE_IDENTIFIER = com.danilabelyi.UniHelper;
				PRODUCT_NAME = "$(TARGET_NAME)";
				SWIFT_EMIT_LOC_STRINGS = YES;
				SWIFT_VERSION = 5.0;
				TARGETED_DEVICE_FAMILY = "1,2";
			};
			name = Debug;
		};
		7138E0222937E11D00655F74 /* Release */ = {
			isa = XCBuildConfiguration;
			baseConfigurationReference = A453F222A16CAADBDC652B3A /* Pods-UniHelper.release.xcconfig */;
			buildSettings = {
				ASSETCATALOG_COMPILER_APPICON_NAME = AppIcon;
				ASSETCATALOG_COMPILER_GLOBAL_ACCENT_COLOR_NAME = AccentColor;
				CODE_SIGN_STYLE = Automatic;
				CURRENT_PROJECT_VERSION = 1;
				DEVELOPMENT_TEAM = 67H5XCS6ZN;
				GENERATE_INFOPLIST_FILE = YES;
				INFOPLIST_FILE = UniHelper/Info.plist;
				INFOPLIST_KEY_UIApplicationSupportsIndirectInputEvents = YES;
				INFOPLIST_KEY_UILaunchStoryboardName = LaunchScreen;
				INFOPLIST_KEY_UISupportedInterfaceOrientations = UIInterfaceOrientationPortrait;
				INFOPLIST_KEY_UISupportedInterfaceOrientations_iPad = "UIInterfaceOrientationLandscapeLeft UIInterfaceOrientationLandscapeRight UIInterfaceOrientationPortrait UIInterfaceOrientationPortraitUpsideDown";
				IPHONEOS_DEPLOYMENT_TARGET = 16.0;
				LD_RUNPATH_SEARCH_PATHS = (
					"$(inherited)",
					"@executable_path/Frameworks",
				);
				MARKETING_VERSION = 1.0;
				PRODUCT_BUNDLE_IDENTIFIER = com.danilabelyi.UniHelper;
				PRODUCT_NAME = "$(TARGET_NAME)";
				SWIFT_EMIT_LOC_STRINGS = YES;
				SWIFT_VERSION = 5.0;
				TARGETED_DEVICE_FAMILY = "1,2";
			};
			name = Release;
		};
/* End XCBuildConfiguration section */

/* Begin XCConfigurationList section */
		7138E0072937E11C00655F74 /* Build configuration list for PBXProject "UniHelper" */ = {
			isa = XCConfigurationList;
			buildConfigurations = (
				7138E01E2937E11D00655F74 /* Debug */,
				7138E01F2937E11D00655F74 /* Release */,
			);
			defaultConfigurationIsVisible = 0;
			defaultConfigurationName = Release;
		};
		7138E0202937E11D00655F74 /* Build configuration list for PBXNativeTarget "UniHelper" */ = {
			isa = XCConfigurationList;
			buildConfigurations = (
				7138E0212937E11D00655F74 /* Debug */,
				7138E0222937E11D00655F74 /* Release */,
			);
			defaultConfigurationIsVisible = 0;
			defaultConfigurationName = Release;
		};
/* End XCConfigurationList section */
	};
	rootObject = 7138E0042937E11C00655F74 /* Project object */;
}
